
Microsoft Visual Studio Solution File, Format Version 12.00
# Visual Studio Version 17
VisualStudioVersion = 17.12.35728.132 d17.12
MinimumVisualStudioVersion = 10.0.40219.1
Project("{FAE04EC0-301F-11D3-BF4B-00C04F79EFBC}") = "Acacia.Api", "Acacia.Api\Acacia.Api.csproj", "{8FD134F5-3D5E-4D1C-A954-B8AF4516BD13}"
EndProject
Project("{FAE04EC0-301F-11D3-BF4B-00C04F79EFBC}") = "Acacia.Core", "Acacia.Core\Acacia.Core.csproj", "{A4A38367-65D2-4268-A632-8475600D4AC3}"
EndProject
Project("{FAE04EC0-301F-11D3-BF4B-00C04F79EFBC}") = "Acacia.Data", "Acacia.Data\Acacia.Data.csproj", "{58D16943-1896-456B-AAE9-1BABED6C61A1}"
EndProject
Project("{FAE04EC0-301F-11D3-BF4B-00C04F79EFBC}") = "Acacia.Infrastructure", "Acacia.Infrastructure\Acacia.Infrastructure.csproj", "{8A9080F9-5CAF-422E-BC77-A3DA2A197A05}"
EndProject
Project("{FAE04EC0-301F-11D3-BF4B-00C04F79EFBC}") = "Acacia.Service", "Acacia.Service\Acacia.Service.csproj", "{9656EFE4-3462-42AE-941B-C7A51928FD12}"
EndProject
Global
	GlobalSection(SolutionConfigurationPlatforms) = preSolution
		Debug|Any CPU = Debug|Any CPU
		Release|Any CPU = Release|Any CPU
	EndGlobalSection
	GlobalSection(ProjectConfigurationPlatforms) = postSolution
		{8FD134F5-3D5E-4D1C-A954-B8AF4516BD13}.Debug|Any CPU.ActiveCfg = Debug|Any CPU
		{8FD134F5-3D5E-4D1C-A954-B8AF4516BD13}.Debug|Any CPU.Build.0 = Debug|Any CPU
		{8FD134F5-3D5E-4D1C-A954-B8AF4516BD13}.Release|Any CPU.ActiveCfg = Release|Any CPU
		{8FD134F5-3D5E-4D1C-A954-B8AF4516BD13}.Release|Any CPU.Build.0 = Release|Any CPU
		{A4A38367-65D2-4268-A632-8475600D4AC3}.Debug|Any CPU.ActiveCfg = Debug|Any CPU
		{A4A38367-65D2-4268-A632-8475600D4AC3}.Debug|Any CPU.Build.0 = Debug|Any CPU
		{A4A38367-65D2-4268-A632-8475600D4AC3}.Release|Any CPU.ActiveCfg = Release|Any CPU
		{A4A38367-65D2-4268-A632-8475600D4AC3}.Release|Any CPU.Build.0 = Release|Any CPU
		{58D16943-1896-456B-AAE9-1BABED6C61A1}.Debug|Any CPU.ActiveCfg = Debug|Any CPU
		{58D16943-1896-456B-AAE9-1BABED6C61A1}.Debug|Any CPU.Build.0 = Debug|Any CPU
		{58D16943-1896-456B-AAE9-1BABED6C61A1}.Release|Any CPU.ActiveCfg = Release|Any CPU
		{58D16943-1896-456B-AAE9-1BABED6C61A1}.Release|Any CPU.Build.0 = Release|Any CPU
		{8A9080F9-5CAF-422E-BC77-A3DA2A197A05}.Debug|Any CPU.ActiveCfg = Debug|Any CPU
		{8A9080F9-5CAF-422E-BC77-A3DA2A197A05}.Debug|Any CPU.Build.0 = Debug|Any CPU
		{8A9080F9-5CAF-422E-BC77-A3DA2A197A05}.Release|Any CPU.ActiveCfg = Release|Any CPU
		{8A9080F9-5CAF-422E-BC77-A3DA2A197A05}.Release|Any CPU.Build.0 = Release|Any CPU
		{9656EFE4-3462-42AE-941B-C7A51928FD12}.Debug|Any CPU.ActiveCfg = Debug|Any CPU
		{9656EFE4-3462-42AE-941B-C7A51928FD12}.Debug|Any CPU.Build.0 = Debug|Any CPU
		{9656EFE4-3462-42AE-941B-C7A51928FD12}.Release|Any CPU.ActiveCfg = Release|Any CPU
		{9656EFE4-3462-42AE-941B-C7A51928FD12}.Release|Any CPU.Build.0 = Release|Any CPU
	EndGlobalSection
	GlobalSection(SolutionProperties) = preSolution
		HideSolutionNode = FALSE
	EndGlobalSection
EndGlobal
